
Microsoft Visual Studio Solution File, Format Version 12.00
# Visual Studio Version 17
VisualStudioVersion = 17.13.35806.99 d17.13
MinimumVisualStudioVersion = 10.0.40219.1
Project("{FAE04EC0-301F-11D3-BF4B-00C04F79EFBC}") = "StegaByte", "StegaByte\StegaByte.csproj", "{81D5A387-4A04-4668-B945-990CB0784523}"
EndProject
Global
	GlobalSection(SolutionConfigurationPlatforms) = preSolution
		Debug|Any CPU = Debug|Any CPU
		Release|Any CPU = Release|Any CPU
	EndGlobalSection
	GlobalSection(ProjectConfigurationPlatforms) = postSolution
		{81D5A387-4A04-4668-B945-990CB0784523}.Debug|Any CPU.ActiveCfg = Debug|Any CPU
		{81D5A387-4A04-4668-B945-990CB0784523}.Debug|Any CPU.Build.0 = Debug|Any CPU
		{81D5A387-4A04-4668-B945-990CB0784523}.Release|Any CPU.ActiveCfg = Release|Any CPU
		{81D5A387-4A04-4668-B945-990CB0784523}.Release|Any CPU.Build.0 = Release|Any CPU
	EndGlobalSection
	GlobalSection(SolutionProperties) = preSolution
		HideSolutionNode = FALSE
	EndGlobalSection
	GlobalSection(ExtensibilityGlobals) = postSolution
		SolutionGuid = {6A9ED2FB-CFFC-4820-8AE7-EBA8850B8F7D}
	EndGlobalSection
EndGlobal
